// !$*UTF8*$!
{
	archiveVersion = 1;
	classes = {
	};
	objectVersion = 55;
	objects = {

/* Begin PBXBuildFile section */
		38A3F1B1273C592200A03D9E /* Time_of_PossessionApp.swift in Sources */ = {isa = PBXBuildFile; fileRef = 38A3F1B0273C592200A03D9E /* Time_of_PossessionApp.swift */; };
		38A3F1B3273C592300A03D9E /* TOPView.swift in Sources */ = {isa = PBXBuildFile; fileRef = 38A3F1B2273C592300A03D9E /* TOPView.swift */; };
		38A3F1B5273C592400A03D9E /* Assets.xcassets in Resources */ = {isa = PBXBuildFile; fileRef = 38A3F1B4273C592400A03D9E /* Assets.xcassets */; };
		38A3F1B8273C592400A03D9E /* Preview Assets.xcassets in Resources */ = {isa = PBXBuildFile; fileRef = 38A3F1B7273C592400A03D9E /* Preview Assets.xcassets */; };
		38A3F1C0273C59E900A03D9E /* TOPButtonView.swift in Sources */ = {isa = PBXBuildFile; fileRef = 38A3F1BF273C59E900A03D9E /* TOPButtonView.swift */; };
		38A3F1C3273D59CA00A03D9E /* TextView.swift in Sources */ = {isa = PBXBuildFile; fileRef = 38A3F1C2273D59CA00A03D9E /* TextView.swift */; };
		38A3F1C5273D86B400A03D9E /* ConfigurationView.swift in Sources */ = {isa = PBXBuildFile; fileRef = 38A3F1C4273D86B400A03D9E /* ConfigurationView.swift */; };
/* End PBXBuildFile section */

/* Begin PBXFileReference section */
		38A3F1AD273C592200A03D9E /* Time of Possession.app */ = {isa = PBXFileReference; explicitFileType = wrapper.application; includeInIndex = 0; path = "Time of Possession.app"; sourceTree = BUILT_PRODUCTS_DIR; };
		38A3F1B0273C592200A03D9E /* Time_of_PossessionApp.swift */ = {isa = PBXFileReference; lastKnownFileType = sourcecode.swift; path = Time_of_PossessionApp.swift; sourceTree = "<group>"; };
		38A3F1B2273C592300A03D9E /* TOPView.swift */ = {isa = PBXFileReference; lastKnownFileType = sourcecode.swift; path = TOPView.swift; sourceTree = "<group>"; };
		38A3F1B4273C592400A03D9E /* Assets.xcassets */ = {isa = PBXFileReference; lastKnownFileType = folder.assetcatalog; path = Assets.xcassets; sourceTree = "<group>"; };
		38A3F1B7273C592400A03D9E /* Preview Assets.xcassets */ = {isa = PBXFileReference; lastKnownFileType = folder.assetcatalog; path = "Preview Assets.xcassets"; sourceTree = "<group>"; };
		38A3F1BF273C59E900A03D9E /* TOPButtonView.swift */ = {isa = PBXFileReference; lastKnownFileType = sourcecode.swift; path = TOPButtonView.swift; sourceTree = "<group>"; };
		38A3F1C2273D59CA00A03D9E /* TextView.swift */ = {isa = PBXFileReference; lastKnownFileType = sourcecode.swift; path = TextView.swift; sourceTree = "<group>"; };
		38A3F1C4273D86B400A03D9E /* ConfigurationView.swift */ = {isa = PBXFileReference; lastKnownFileType = sourcecode.swift; path = ConfigurationView.swift; sourceTree = "<group>"; };
/* End PBXFileReference section */

/* Begin PBXFrameworksBuildPhase section */
		38A3F1AA273C592200A03D9E /* Frameworks */ = {
			isa = PBXFrameworksBuildPhase;
			buildActionMask = 2147483647;
			files = (
			);
			runOnlyForDeploymentPostprocessing = 0;
		};
/* End PBXFrameworksBuildPhase section */

/* Begin PBXGroup section */
		38A3F1A4273C592200A03D9E = {
			isa = PBXGroup;
			children = (
				38A3F1AF273C592200A03D9E /* Time of Possession */,
				38A3F1AE273C592200A03D9E /* Products */,
			);
			sourceTree = "<group>";
		};
		38A3F1AE273C592200A03D9E /* Products */ = {
			isa = PBXGroup;
			children = (
				38A3F1AD273C592200A03D9E /* Time of Possession.app */,
			);
			name = Products;
			sourceTree = "<group>";
		};
		38A3F1AF273C592200A03D9E /* Time of Possession */ = {
			isa = PBXGroup;
			children = (
				38A3F1B0273C592200A03D9E /* Time_of_PossessionApp.swift */,
				38A3F1BE273C59C300A03D9E /* Views */,
				38A3F1C1273C5D5200A03D9E /* Assets */,
				38A3F1B6273C592400A03D9E /* Preview Content */,
			);
			path = "Time of Possession";
			sourceTree = "<group>";
		};
		38A3F1B6273C592400A03D9E /* Preview Content */ = {
			isa = PBXGroup;
			children = (
				38A3F1B7273C592400A03D9E /* Preview Assets.xcassets */,
			);
			path = "Preview Content";
			sourceTree = "<group>";
		};
		38A3F1BE273C59C300A03D9E /* Views */ = {
			isa = PBXGroup;
			children = (
				38A3F1B2273C592300A03D9E /* TOPView.swift */,
				38A3F1BF273C59E900A03D9E /* TOPButtonView.swift */,
				38A3F1C4273D86B400A03D9E /* ConfigurationView.swift */,
				38A3F1C2273D59CA00A03D9E /* TextView.swift */,
			);
			path = Views;
			sourceTree = "<group>";
		};
		38A3F1C1273C5D5200A03D9E /* Assets */ = {
			isa = PBXGroup;
			children = (
				38A3F1B4273C592400A03D9E /* Assets.xcassets */,
			);
			path = Assets;
			sourceTree = "<group>";
		};
/* End PBXGroup section */

/* Begin PBXNativeTarget section */
		38A3F1AC273C592200A03D9E /* Time of Possession */ = {
			isa = PBXNativeTarget;
			buildConfigurationList = 38A3F1BB273C592400A03D9E /* Build configuration list for PBXNativeTarget "Time of Possession" */;
			buildPhases = (
				38A3F1A9273C592200A03D9E /* Sources */,
				38A3F1AA273C592200A03D9E /* Frameworks */,
				38A3F1AB273C592200A03D9E /* Resources */,
			);
			buildRules = (
			);
			dependencies = (
			);
			name = "Time of Possession";
			productName = "Time of Possession";
			productReference = 38A3F1AD273C592200A03D9E /* Time of Possession.app */;
			productType = "com.apple.product-type.application";
		};
/* End PBXNativeTarget section */

/* Begin PBXProject section */
		38A3F1A5273C592200A03D9E /* Project object */ = {
			isa = PBXProject;
			attributes = {
				BuildIndependentTargetsInParallel = 1;
				LastSwiftUpdateCheck = 1310;
				LastUpgradeCheck = 1310;
				TargetAttributes = {
					38A3F1AC273C592200A03D9E = {
						CreatedOnToolsVersion = 13.1;
					};
				};
			};
			buildConfigurationList = 38A3F1A8273C592200A03D9E /* Build configuration list for PBXProject "Time of Possession" */;
			compatibilityVersion = "Xcode 13.0";
			developmentRegion = en;
			hasScannedForEncodings = 0;
			knownRegions = (
				en,
				Base,
			);
			mainGroup = 38A3F1A4273C592200A03D9E;
			productRefGroup = 38A3F1AE273C592200A03D9E /* Products */;
			projectDirPath = "";
			projectRoot = "";
			targets = (
				38A3F1AC273C592200A03D9E /* Time of Possession */,
			);
		};
/* End PBXProject section */

/* Begin PBXResourcesBuildPhase section */
		38A3F1AB273C592200A03D9E /* Resources */ = {
			isa = PBXResourcesBuildPhase;
			buildActionMask = 2147483647;
			files = (
				38A3F1B8273C592400A03D9E /* Preview Assets.xcassets in Resources */,
				38A3F1B5273C592400A03D9E /* Assets.xcassets in Resources */,
			);
			runOnlyForDeploymentPostprocessing = 0;
		};
/* End PBXResourcesBuildPhase section */

/* Begin PBXSourcesBuildPhase section */
		38A3F1A9273C592200A03D9E /* Sources */ = {
			isa = PBXSourcesBuildPhase;
			buildActionMask = 2147483647;
			files = (
				38A3F1B3273C592300A03D9E /* TOPView.swift in Sources */,
				38A3F1C5273D86B400A03D9E /* ConfigurationView.swift in Sources */,
				38A3F1C3273D59CA00A03D9E /* TextView.swift in Sources */,
				38A3F1C0273C59E900A03D9E /* TOPButtonView.swift in Sources */,
				38A3F1B1273C592200A03D9E /* Time_of_PossessionApp.swift in Sources */,
			);
			runOnlyForDeploymentPostprocessing = 0;
		};
/* End PBXSourcesBuildPhase section */

/* Begin XCBuildConfiguration section */
		38A3F1B9273C592400A03D9E /* Debug */ = {
			isa = XCBuildConfiguration;
			buildSettings = {
				ALWAYS_SEARCH_USER_PATHS = NO;
				CLANG_ANALYZER_NONNULL = YES;
				CLANG_ANALYZER_NUMBER_OBJECT_CONVERSION = YES_AGGRESSIVE;
				CLANG_CXX_LANGUAGE_STANDARD = "gnu++17";
				CLANG_CXX_LIBRARY = "libc++";
				CLANG_ENABLE_MODULES = YES;
				CLANG_ENABLE_OBJC_ARC = YES;
				CLANG_ENABLE_OBJC_WEAK = YES;
				CLANG_WARN_BLOCK_CAPTURE_AUTORELEASING = YES;
				CLANG_WARN_BOOL_CONVERSION = YES;
				CLANG_WARN_COMMA = YES;
				CLANG_WARN_CONSTANT_CONVERSION = YES;
				CLANG_WARN_DEPRECATED_OBJC_IMPLEMENTATIONS = YES;
				CLANG_WARN_DIRECT_OBJC_ISA_USAGE = YES_ERROR;
				CLANG_WARN_DOCUMENTATION_COMMENTS = YES;
				CLANG_WARN_EMPTY_BODY = YES;
				CLANG_WARN_ENUM_CONVERSION = YES;
				CLANG_WARN_INFINITE_RECURSION = YES;
				CLANG_WARN_INT_CONVERSION = YES;
				CLANG_WARN_NON_LITERAL_NULL_CONVERSION = YES;
				CLANG_WARN_OBJC_IMPLICIT_RETAIN_SELF = YES;
				CLANG_WARN_OBJC_LITERAL_CONVERSION = YES;
				CLANG_WARN_OBJC_ROOT_CLASS = YES_ERROR;
				CLANG_WARN_QUOTED_INCLUDE_IN_FRAMEWORK_HEADER = YES;
				CLANG_WARN_RANGE_LOOP_ANALYSIS = YES;
				CLANG_WARN_STRICT_PROTOTYPES = YES;
				CLANG_WARN_SUSPICIOUS_MOVE = YES;
				CLANG_WARN_UNGUARDED_AVAILABILITY = YES_AGGRESSIVE;
				CLANG_WARN_UNREACHABLE_CODE = YES;
				CLANG_WARN__DUPLICATE_METHOD_MATCH = YES;
				COPY_PHASE_STRIP = NO;
				DEBUG_INFORMATION_FORMAT = dwarf;
				ENABLE_STRICT_OBJC_MSGSEND = YES;
				ENABLE_TESTABILITY = YES;
				GCC_C_LANGUAGE_STANDARD = gnu11;
				GCC_DYNAMIC_NO_PIC = NO;
				GCC_NO_COMMON_BLOCKS = YES;
				GCC_OPTIMIZATION_LEVEL = 0;
				GCC_PREPROCESSOR_DEFINITIONS = (
					"DEBUG=1",
					"$(inherited)",
				);
				GCC_WARN_64_TO_32_BIT_CONVERSION = YES;
				GCC_WARN_ABOUT_RETURN_TYPE = YES_ERROR;
				GCC_WARN_UNDECLARED_SELECTOR = YES;
				GCC_WARN_UNINITIALIZED_AUTOS = YES_AGGRESSIVE;
				GCC_WARN_UNUSED_FUNCTION = YES;
				GCC_WARN_UNUSED_VARIABLE = YES;
				IPHONEOS_DEPLOYMENT_TARGET = 15.0;
				MTL_ENABLE_DEBUG_INFO = INCLUDE_SOURCE;
				MTL_FAST_MATH = YES;
				ONLY_ACTIVE_ARCH = YES;
				SDKROOT = iphoneos;
				SWIFT_ACTIVE_COMPILATION_CONDITIONS = DEBUG;
				SWIFT_OPTIMIZATION_LEVEL = "-Onone";
			};
			name = Debug;
		};
		38A3F1BA273C592400A03D9E /* Release */ = {
			isa = XCBuildConfiguration;
			buildSettings = {
				ALWAYS_SEARCH_USER_PATHS = NO;
				CLANG_ANALYZER_NONNULL = YES;
				CLANG_ANALYZER_NUMBER_OBJECT_CONVERSION = YES_AGGRESSIVE;
				CLANG_CXX_LANGUAGE_STANDARD = "gnu++17";
				CLANG_CXX_LIBRARY = "libc++";
				CLANG_ENABLE_MODULES = YES;
				CLANG_ENABLE_OBJC_ARC = YES;
				CLANG_ENABLE_OBJC_WEAK = YES;
				CLANG_WARN_BLOCK_CAPTURE_AUTORELEASING = YES;
				CLANG_WARN_BOOL_CONVERSION = YES;
				CLANG_WARN_COMMA = YES;
				CLANG_WARN_CONSTANT_CONVERSION = YES;
				CLANG_WARN_DEPRECATED_OBJC_IMPLEMENTATIONS = YES;
				CLANG_WARN_DIRECT_OBJC_ISA_USAGE = YES_ERROR;
				CLANG_WARN_DOCUMENTATION_COMMENTS = YES;
				CLANG_WARN_EMPTY_BODY = YES;
				CLANG_WARN_ENUM_CONVERSION = YES;
				CLANG_WARN_INFINITE_RECURSION = YES;
				CLANG_WARN_INT_CONVERSION = YES;
				CLANG_WARN_NON_LITERAL_NULL_CONVERSION = YES;
				CLANG_WARN_OBJC_IMPLICIT_RETAIN_SELF = YES;
				CLANG_WARN_OBJC_LITERAL_CONVERSION = YES;
				CLANG_WARN_OBJC_ROOT_CLASS = YES_ERROR;
				CLANG_WARN_QUOTED_INCLUDE_IN_FRAMEWORK_HEADER = YES;
				CLANG_WARN_RANGE_LOOP_ANALYSIS = YES;
				CLANG_WARN_STRICT_PROTOTYPES = YES;
				CLANG_WARN_SUSPICIOUS_MOVE = YES;
				CLANG_WARN_UNGUARDED_AVAILABILITY = YES_AGGRESSIVE;
				CLANG_WARN_UNREACHABLE_CODE = YES;
				CLANG_WARN__DUPLICATE_METHOD_MATCH = YES;
				COPY_PHASE_STRIP = NO;
				DEBUG_INFORMATION_FORMAT = "dwarf-with-dsym";
				ENABLE_NS_ASSERTIONS = NO;
				ENABLE_STRICT_OBJC_MSGSEND = YES;
				GCC_C_LANGUAGE_STANDARD = gnu11;
				GCC_NO_COMMON_BLOCKS = YES;
				GCC_WARN_64_TO_32_BIT_CONVERSION = YES;
				GCC_WARN_ABOUT_RETURN_TYPE = YES_ERROR;
				GCC_WARN_UNDECLARED_SELECTOR = YES;
				GCC_WARN_UNINITIALIZED_AUTOS = YES_AGGRESSIVE;
				GCC_WARN_UNUSED_FUNCTION = YES;
				GCC_WARN_UNUSED_VARIABLE = YES;
				IPHONEOS_DEPLOYMENT_TARGET = 15.0;
				MTL_ENABLE_DEBUG_INFO = NO;
				MTL_FAST_MATH = YES;
				SDKROOT = iphoneos;
				SWIFT_COMPILATION_MODE = wholemodule;
				SWIFT_OPTIMIZATION_LEVEL = "-O";
				VALIDATE_PRODUCT = YES;
			};
			name = Release;
		};
		38A3F1BC273C592400A03D9E /* Debug */ = {
			isa = XCBuildConfiguration;
			buildSettings = {
				ASSETCATALOG_COMPILER_APPICON_NAME = AppIcon;
				ASSETCATALOG_COMPILER_GLOBAL_ACCENT_COLOR_NAME = AccentColor;
				CODE_SIGN_STYLE = Automatic;
				CURRENT_PROJECT_VERSION = 1;
				DEVELOPMENT_ASSET_PATHS = "\"Time of Possession/Preview Content\"";
				DEVELOPMENT_TEAM = CRBB3K29X3;
				ENABLE_PREVIEWS = YES;
				GENERATE_INFOPLIST_FILE = YES;
				INFOPLIST_KEY_UIApplicationSceneManifest_Generation = YES;
				INFOPLIST_KEY_UIApplicationSupportsIndirectInputEvents = YES;
				INFOPLIST_KEY_UILaunchScreen_Generation = YES;
				INFOPLIST_KEY_UISupportedInterfaceOrientations_iPad = "UIInterfaceOrientationPortrait UIInterfaceOrientationPortraitUpsideDown UIInterfaceOrientationLandscapeLeft UIInterfaceOrientationLandscapeRight";
				INFOPLIST_KEY_UISupportedInterfaceOrientations_iPhone = "UIInterfaceOrientationPortrait UIInterfaceOrientationLandscapeLeft UIInterfaceOrientationLandscapeRight";
				LD_RUNPATH_SEARCH_PATHS = (
					"$(inherited)",
					"@executable_path/Frameworks",
				);
				MARKETING_VERSION = 1.0;
				PRODUCT_BUNDLE_IDENTIFIER = "com.intangiblesoftware.Time-of-Possession";
				PRODUCT_NAME = "$(TARGET_NAME)";
				SWIFT_EMIT_LOC_STRINGS = YES;
				SWIFT_VERSION = 5.0;
				TARGETED_DEVICE_FAMILY = "1,2";
			};
			name = Debug;
		};
		38A3F1BD273C592400A03D9E /* Release */ = {
			isa = XCBuildConfiguration;
			buildSettings = {
				ASSETCATALOG_COMPILER_APPICON_NAME = AppIcon;
				ASSETCATALOG_COMPILER_GLOBAL_ACCENT_COLOR_NAME = AccentColor;
				CODE_SIGN_STYLE = Automatic;
				CURRENT_PROJECT_VERSION = 1;
				DEVELOPMENT_ASSET_PATHS = "\"Time of Possession/Preview Content\"";
				DEVELOPMENT_TEAM = CRBB3K29X3;
				ENABLE_PREVIEWS = YES;
				GENERATE_INFOPLIST_FILE = YES;
				INFOPLIST_KEY_UIApplicationSceneManifest_Generation = YES;
				INFOPLIST_KEY_UIApplicationSupportsIndirectInputEvents = YES;
				INFOPLIST_KEY_UILaunchScreen_Generation = YES;
				INFOPLIST_KEY_UISupportedInterfaceOrientations_iPad = "UIInterfaceOrientationPortrait UIInterfaceOrientationPortraitUpsideDown UIInterfaceOrientationLandscapeLeft UIInterfaceOrientationLandscapeRight";
				INFOPLIST_KEY_UISupportedInterfaceOrientations_iPhone = "UIInterfaceOrientationPortrait UIInterfaceOrientationLandscapeLeft UIInterfaceOrientationLandscapeRight";
				LD_RUNPATH_SEARCH_PATHS = (
					"$(inherited)",
					"@executable_path/Frameworks",
				);
				MARKETING_VERSION = 1.0;
				PRODUCT_BUNDLE_IDENTIFIER = "com.intangiblesoftware.Time-of-Possession";
				PRODUCT_NAME = "$(TARGET_NAME)";
				SWIFT_EMIT_LOC_STRINGS = YES;
				SWIFT_VERSION = 5.0;
				TARGETED_DEVICE_FAMILY = "1,2";
			};
			name = Release;
		};
/* End XCBuildConfiguration section */

/* Begin XCConfigurationList section */
		38A3F1A8273C592200A03D9E /* Build configuration list for PBXProject "Time of Possession" */ = {
			isa = XCConfigurationList;
			buildConfigurations = (
				38A3F1B9273C592400A03D9E /* Debug */,
				38A3F1BA273C592400A03D9E /* Release */,
			);
			defaultConfigurationIsVisible = 0;
			defaultConfigurationName = Release;
		};
		38A3F1BB273C592400A03D9E /* Build configuration list for PBXNativeTarget "Time of Possession" */ = {
			isa = XCConfigurationList;
			buildConfigurations = (
				38A3F1BC273C592400A03D9E /* Debug */,
				38A3F1BD273C592400A03D9E /* Release */,
			);
			defaultConfigurationIsVisible = 0;
			defaultConfigurationName = Release;
		};
/* End XCConfigurationList section */
	};
	rootObject = 38A3F1A5273C592200A03D9E /* Project object */;
}
